
Microsoft Visual Studio Solution File, Format Version 12.00
# Visual Studio Version 17
VisualStudioVersion = 17.14.36301.6 d17.14
MinimumVisualStudioVersion = 10.0.40219.1
Project("{FAE04EC0-301F-11D3-BF4B-00C04F79EFBC}") = "ClothMerchStoreApp", "ClothMerchStoreApp.csproj", "{37A9C9C9-A692-4771-A8E6-0B6DC7D68C4C}"
EndProject
Global
	GlobalSection(SolutionConfigurationPlatforms) = preSolution
		Debug|Any CPU = Debug|Any CPU
		Release|Any CPU = Release|Any CPU
	EndGlobalSection
	GlobalSection(ProjectConfigurationPlatforms) = postSolution
		{37A9C9C9-A692-4771-A8E6-0B6DC7D68C4C}.Debug|Any CPU.ActiveCfg = Debug|Any CPU
		{37A9C9C9-A692-4771-A8E6-0B6DC7D68C4C}.Debug|Any CPU.Build.0 = Debug|Any CPU
		{37A9C9C9-A692-4771-A8E6-0B6DC7D68C4C}.Release|Any CPU.ActiveCfg = Release|Any CPU
		{37A9C9C9-A692-4771-A8E6-0B6DC7D68C4C}.Release|Any CPU.Build.0 = Release|Any CPU
	EndGlobalSection
	GlobalSection(SolutionProperties) = preSolution
		HideSolutionNode = FALSE
	EndGlobalSection
	GlobalSection(ExtensibilityGlobals) = postSolution
		SolutionGuid = {C872F77E-A42C-4340-B3D1-51BD766B62A7}
	EndGlobalSection
EndGlobal
